// !$*UTF8*$!
{
	archiveVersion = 1;
	classes = {
	};
	objectVersion = 46;
	objects = {

/* Begin PBXBuildFile section */
		13D5BC761A83F393009C7322 /* AppDelegate.swift in Sources */ = {isa = PBXBuildFile; fileRef = 13D5BC751A83F393009C7322 /* AppDelegate.swift */; };
		13D5BC7B1A83F393009C7322 /* Main.storyboard in Resources */ = {isa = PBXBuildFile; fileRef = 13D5BC791A83F393009C7322 /* Main.storyboard */; };
		13D5BC7D1A83F393009C7322 /* Images.xcassets in Resources */ = {isa = PBXBuildFile; fileRef = 13D5BC7C1A83F393009C7322 /* Images.xcassets */; };
		13D5BC801A83F393009C7322 /* LaunchScreen.xib in Resources */ = {isa = PBXBuildFile; fileRef = 13D5BC7E1A83F393009C7322 /* LaunchScreen.xib */; };
		13D5BC8C1A83F393009C7322 /* HcfxdMapLocationsTests.swift in Sources */ = {isa = PBXBuildFile; fileRef = 13D5BC8B1A83F393009C7322 /* HcfxdMapLocationsTests.swift */; };
		13D5BC961A83F3C4009C7322 /* MapLocationViewController.swift in Sources */ = {isa = PBXBuildFile; fileRef = 13D5BC951A83F3C4009C7322 /* MapLocationViewController.swift */; };
		13D5BC981A83F570009C7322 /* MapKit.framework in Frameworks */ = {isa = PBXBuildFile; fileRef = 13D5BC971A83F570009C7322 /* MapKit.framework */; };
/* End PBXBuildFile section */

/* Begin PBXContainerItemProxy section */
		13D5BC861A83F393009C7322 /* PBXContainerItemProxy */ = {
			isa = PBXContainerItemProxy;
			containerPortal = 13D5BC681A83F393009C7322 /* Project object */;
			proxyType = 1;
			remoteGlobalIDString = 13D5BC6F1A83F393009C7322;
			remoteInfo = HcfxdMapLocations;
		};
/* End PBXContainerItemProxy section */

/* Begin PBXFileReference section */
		13D5BC701A83F393009C7322 /* HcfxdMapLocations.app */ = {isa = PBXFileReference; explicitFileType = wrapper.application; includeInIndex = 0; path = HcfxdMapLocations.app; sourceTree = BUILT_PRODUCTS_DIR; };
		13D5BC741A83F393009C7322 /* Info.plist */ = {isa = PBXFileReference; lastKnownFileType = text.plist.xml; path = Info.plist; sourceTree = "<group>"; };
		13D5BC751A83F393009C7322 /* AppDelegate.swift */ = {isa = PBXFileReference; lastKnownFileType = sourcecode.swift; path = AppDelegate.swift; sourceTree = "<group>"; };
		13D5BC7A1A83F393009C7322 /* Base */ = {isa = PBXFileReference; lastKnownFileType = file.storyboard; name = Base; path = Base.lproj/Main.storyboard; sourceTree = "<group>"; };
		13D5BC7C1A83F393009C7322 /* Images.xcassets */ = {isa = PBXFileReference; lastKnownFileType = folder.assetcatalog; path = Images.xcassets; sourceTree = "<group>"; };
		13D5BC7F1A83F393009C7322 /* Base */ = {isa = PBXFileReference; lastKnownFileType = file.xib; name = Base; path = Base.lproj/LaunchScreen.xib; sourceTree = "<group>"; };
		13D5BC851A83F393009C7322 /* HcfxdMapLocationsTests.xctest */ = {isa = PBXFileReference; explicitFileType = wrapper.cfbundle; includeInIndex = 0; path = HcfxdMapLocationsTests.xctest; sourceTree = BUILT_PRODUCTS_DIR; };
		13D5BC8A1A83F393009C7322 /* Info.plist */ = {isa = PBXFileReference; lastKnownFileType = text.plist.xml; path = Info.plist; sourceTree = "<group>"; };
		13D5BC8B1A83F393009C7322 /* HcfxdMapLocationsTests.swift */ = {isa = PBXFileReference; lastKnownFileType = sourcecode.swift; path = HcfxdMapLocationsTests.swift; sourceTree = "<group>"; };
		13D5BC951A83F3C4009C7322 /* MapLocationViewController.swift */ = {isa = PBXFileReference; fileEncoding = 4; lastKnownFileType = sourcecode.swift; path = MapLocationViewController.swift; sourceTree = "<group>"; };
		13D5BC971A83F570009C7322 /* MapKit.framework */ = {isa = PBXFileReference; lastKnownFileType = wrapper.framework; name = MapKit.framework; path = System/Library/Frameworks/MapKit.framework; sourceTree = SDKROOT; };
/* End PBXFileReference section */

/* Begin PBXFrameworksBuildPhase section */
		13D5BC6D1A83F393009C7322 /* Frameworks */ = {
			isa = PBXFrameworksBuildPhase;
			buildActionMask = 2147483647;
			files = (
				13D5BC981A83F570009C7322 /* MapKit.framework in Frameworks */,
			);
			runOnlyForDeploymentPostprocessing = 0;
		};
		13D5BC821A83F393009C7322 /* Frameworks */ = {
			isa = PBXFrameworksBuildPhase;
			buildActionMask = 2147483647;
			files = (
			);
			runOnlyForDeploymentPostprocessing = 0;
		};
/* End PBXFrameworksBuildPhase section */

/* Begin PBXGroup section */
		13D5BC671A83F393009C7322 = {
			isa = PBXGroup;
			children = (
				13D5BC971A83F570009C7322 /* MapKit.framework */,
				13D5BC721A83F393009C7322 /* HcfxdMapLocations */,
				13D5BC881A83F393009C7322 /* HcfxdMapLocationsTests */,
				13D5BC711A83F393009C7322 /* Products */,
			);
			sourceTree = "<group>";
		};
		13D5BC711A83F393009C7322 /* Products */ = {
			isa = PBXGroup;
			children = (
				13D5BC701A83F393009C7322 /* HcfxdMapLocations.app */,
				13D5BC851A83F393009C7322 /* HcfxdMapLocationsTests.xctest */,
			);
			name = Products;
			sourceTree = "<group>";
		};
		13D5BC721A83F393009C7322 /* HcfxdMapLocations */ = {
			isa = PBXGroup;
			children = (
				13D5BC751A83F393009C7322 /* AppDelegate.swift */,
				13D5BC951A83F3C4009C7322 /* MapLocationViewController.swift */,
				13D5BC791A83F393009C7322 /* Main.storyboard */,
				13D5BC7C1A83F393009C7322 /* Images.xcassets */,
				13D5BC7E1A83F393009C7322 /* LaunchScreen.xib */,
				13D5BC731A83F393009C7322 /* Supporting Files */,
			);
			path = HcfxdMapLocations;
			sourceTree = "<group>";
		};
		13D5BC731A83F393009C7322 /* Supporting Files */ = {
			isa = PBXGroup;
			children = (
				13D5BC741A83F393009C7322 /* Info.plist */,
			);
			name = "Supporting Files";
			sourceTree = "<group>";
		};
		13D5BC881A83F393009C7322 /* HcfxdMapLocationsTests */ = {
			isa = PBXGroup;
			children = (
				13D5BC8B1A83F393009C7322 /* HcfxdMapLocationsTests.swift */,
				13D5BC891A83F393009C7322 /* Supporting Files */,
			);
			path = HcfxdMapLocationsTests;
			sourceTree = "<group>";
		};
		13D5BC891A83F393009C7322 /* Supporting Files */ = {
			isa = PBXGroup;
			children = (
				13D5BC8A1A83F393009C7322 /* Info.plist */,
			);
			name = "Supporting Files";
			sourceTree = "<group>";
		};
/* End PBXGroup section */

/* Begin PBXNativeTarget section */
		13D5BC6F1A83F393009C7322 /* HcfxdMapLocations */ = {
			isa = PBXNativeTarget;
			buildConfigurationList = 13D5BC8F1A83F393009C7322 /* Build configuration list for PBXNativeTarget "HcfxdMapLocations" */;
			buildPhases = (
				13D5BC6C1A83F393009C7322 /* Sources */,
				13D5BC6D1A83F393009C7322 /* Frameworks */,
				13D5BC6E1A83F393009C7322 /* Resources */,
			);
			buildRules = (
			);
			dependencies = (
			);
			name = HcfxdMapLocations;
			productName = HcfxdMapLocations;
			productReference = 13D5BC701A83F393009C7322 /* HcfxdMapLocations.app */;
			productType = "com.apple.product-type.application";
		};
		13D5BC841A83F393009C7322 /* HcfxdMapLocationsTests */ = {
			isa = PBXNativeTarget;
			buildConfigurationList = 13D5BC921A83F393009C7322 /* Build configuration list for PBXNativeTarget "HcfxdMapLocationsTests" */;
			buildPhases = (
				13D5BC811A83F393009C7322 /* Sources */,
				13D5BC821A83F393009C7322 /* Frameworks */,
				13D5BC831A83F393009C7322 /* Resources */,
			);
			buildRules = (
			);
			dependencies = (
				13D5BC871A83F393009C7322 /* PBXTargetDependency */,
			);
			name = HcfxdMapLocationsTests;
			productName = HcfxdMapLocationsTests;
			productReference = 13D5BC851A83F393009C7322 /* HcfxdMapLocationsTests.xctest */;
			productType = "com.apple.product-type.bundle.unit-test";
		};
/* End PBXNativeTarget section */

/* Begin PBXProject section */
		13D5BC681A83F393009C7322 /* Project object */ = {
			isa = PBXProject;
			attributes = {
				LastUpgradeCheck = 0610;
				ORGANIZATIONNAME = "Hang Cui";
				TargetAttributes = {
					13D5BC6F1A83F393009C7322 = {
						CreatedOnToolsVersion = 6.1.1;
					};
					13D5BC841A83F393009C7322 = {
						CreatedOnToolsVersion = 6.1.1;
						TestTargetID = 13D5BC6F1A83F393009C7322;
					};
				};
			};
			buildConfigurationList = 13D5BC6B1A83F393009C7322 /* Build configuration list for PBXProject "HcfxdMapLocations" */;
			compatibilityVersion = "Xcode 3.2";
			developmentRegion = English;
			hasScannedForEncodings = 0;
			knownRegions = (
				en,
				Base,
			);
			mainGroup = 13D5BC671A83F393009C7322;
			productRefGroup = 13D5BC711A83F393009C7322 /* Products */;
			projectDirPath = "";
			projectRoot = "";
			targets = (
				13D5BC6F1A83F393009C7322 /* HcfxdMapLocations */,
				13D5BC841A83F393009C7322 /* HcfxdMapLocationsTests */,
			);
		};
/* End PBXProject section */

/* Begin PBXResourcesBuildPhase section */
		13D5BC6E1A83F393009C7322 /* Resources */ = {
			isa = PBXResourcesBuildPhase;
			buildActionMask = 2147483647;
			files = (
				13D5BC7B1A83F393009C7322 /* Main.storyboard in Resources */,
				13D5BC801A83F393009C7322 /* LaunchScreen.xib in Resources */,
				13D5BC7D1A83F393009C7322 /* Images.xcassets in Resources */,
			);
			runOnlyForDeploymentPostprocessing = 0;
		};
		13D5BC831A83F393009C7322 /* Resources */ = {
			isa = PBXResourcesBuildPhase;
			buildActionMask = 2147483647;
			files = (
			);
			runOnlyForDeploymentPostprocessing = 0;
		};
/* End PBXResourcesBuildPhase section */

/* Begin PBXSourcesBuildPhase section */
		13D5BC6C1A83F393009C7322 /* Sources */ = {
			isa = PBXSourcesBuildPhase;
			buildActionMask = 2147483647;
			files = (
				13D5BC961A83F3C4009C7322 /* MapLocationViewController.swift in Sources */,
				13D5BC761A83F393009C7322 /* AppDelegate.swift in Sources */,
			);
			runOnlyForDeploymentPostprocessing = 0;
		};
		13D5BC811A83F393009C7322 /* Sources */ = {
			isa = PBXSourcesBuildPhase;
			buildActionMask = 2147483647;
			files = (
				13D5BC8C1A83F393009C7322 /* HcfxdMapLocationsTests.swift in Sources */,
			);
			runOnlyForDeploymentPostprocessing = 0;
		};
/* End PBXSourcesBuildPhase section */

/* Begin PBXTargetDependency section */
		13D5BC871A83F393009C7322 /* PBXTargetDependency */ = {
			isa = PBXTargetDependency;
			target = 13D5BC6F1A83F393009C7322 /* HcfxdMapLocations */;
			targetProxy = 13D5BC861A83F393009C7322 /* PBXContainerItemProxy */;
		};
/* End PBXTargetDependency section */

/* Begin PBXVariantGroup section */
		13D5BC791A83F393009C7322 /* Main.storyboard */ = {
			isa = PBXVariantGroup;
			children = (
				13D5BC7A1A83F393009C7322 /* Base */,
			);
			name = Main.storyboard;
			sourceTree = "<group>";
		};
		13D5BC7E1A83F393009C7322 /* LaunchScreen.xib */ = {
			isa = PBXVariantGroup;
			children = (
				13D5BC7F1A83F393009C7322 /* Base */,
			);
			name = LaunchScreen.xib;
			sourceTree = "<group>";
		};
/* End PBXVariantGroup section */

/* Begin XCBuildConfiguration section */
		13D5BC8D1A83F393009C7322 /* Debug */ = {
			isa = XCBuildConfiguration;
			buildSettings = {
				ALWAYS_SEARCH_USER_PATHS = NO;
				CLANG_CXX_LANGUAGE_STANDARD = "gnu++0x";
				CLANG_CXX_LIBRARY = "libc++";
				CLANG_ENABLE_MODULES = YES;
				CLANG_ENABLE_OBJC_ARC = YES;
				CLANG_WARN_BOOL_CONVERSION = YES;
				CLANG_WARN_CONSTANT_CONVERSION = YES;
				CLANG_WARN_DIRECT_OBJC_ISA_USAGE = YES_ERROR;
				CLANG_WARN_EMPTY_BODY = YES;
				CLANG_WARN_ENUM_CONVERSION = YES;
				CLANG_WARN_INT_CONVERSION = YES;
				CLANG_WARN_OBJC_ROOT_CLASS = YES_ERROR;
				CLANG_WARN_UNREACHABLE_CODE = YES;
				CLANG_WARN__DUPLICATE_METHOD_MATCH = YES;
				"CODE_SIGN_IDENTITY[sdk=iphoneos*]" = "iPhone Developer";
				COPY_PHASE_STRIP = NO;
				ENABLE_STRICT_OBJC_MSGSEND = YES;
				GCC_C_LANGUAGE_STANDARD = gnu99;
				GCC_DYNAMIC_NO_PIC = NO;
				GCC_OPTIMIZATION_LEVEL = 0;
				GCC_PREPROCESSOR_DEFINITIONS = (
					"DEBUG=1",
					"$(inherited)",
				);
				GCC_SYMBOLS_PRIVATE_EXTERN = NO;
				GCC_WARN_64_TO_32_BIT_CONVERSION = YES;
				GCC_WARN_ABOUT_RETURN_TYPE = YES_ERROR;
				GCC_WARN_UNDECLARED_SELECTOR = YES;
				GCC_WARN_UNINITIALIZED_AUTOS = YES_AGGRESSIVE;
				GCC_WARN_UNUSED_FUNCTION = YES;
				GCC_WARN_UNUSED_VARIABLE = YES;
				IPHONEOS_DEPLOYMENT_TARGET = 8.1;
				MTL_ENABLE_DEBUG_INFO = YES;
				ONLY_ACTIVE_ARCH = YES;
				SDKROOT = iphoneos;
				SWIFT_OPTIMIZATION_LEVEL = "-Onone";
				TARGETED_DEVICE_FAMILY = "1,2";
			};
			name = Debug;
		};
		13D5BC8E1A83F393009C7322 /* Release */ = {
			isa = XCBuildConfiguration;
			buildSettings = {
				ALWAYS_SEARCH_USER_PATHS = NO;
				CLANG_CXX_LANGUAGE_STANDARD = "gnu++0x";
				CLANG_CXX_LIBRARY = "libc++";
				CLANG_ENABLE_MODULES = YES;
				CLANG_ENABLE_OBJC_ARC = YES;
				CLANG_WARN_BOOL_CONVERSION = YES;
				CLANG_WARN_CONSTANT_CONVERSION = YES;
				CLANG_WARN_DIRECT_OBJC_ISA_USAGE = YES_ERROR;
				CLANG_WARN_EMPTY_BODY = YES;
				CLANG_WARN_ENUM_CONVERSION = YES;
				CLANG_WARN_INT_CONVERSION = YES;
				CLANG_WARN_OBJC_ROOT_CLASS = YES_ERROR;
				CLANG_WARN_UNREACHABLE_CODE = YES;
				CLANG_WARN__DUPLICATE_METHOD_MATCH = YES;
				"CODE_SIGN_IDENTITY[sdk=iphoneos*]" = "iPhone Developer";
				COPY_PHASE_STRIP = YES;
				ENABLE_NS_ASSERTIONS = NO;
				ENABLE_STRICT_OBJC_MSGSEND = YES;
				GCC_C_LANGUAGE_STANDARD = gnu99;
				GCC_WARN_64_TO_32_BIT_CONVERSION = YES;
				GCC_WARN_ABOUT_RETURN_TYPE = YES_ERROR;
				GCC_WARN_UNDECLARED_SELECTOR = YES;
				GCC_WARN_UNINITIALIZED_AUTOS = YES_AGGRESSIVE;
				GCC_WARN_UNUSED_FUNCTION = YES;
				GCC_WARN_UNUSED_VARIABLE = YES;
				IPHONEOS_DEPLOYMENT_TARGET = 8.1;
				MTL_ENABLE_DEBUG_INFO = NO;
				SDKROOT = iphoneos;
				TARGETED_DEVICE_FAMILY = "1,2";
				VALIDATE_PRODUCT = YES;
			};
			name = Release;
		};
		13D5BC901A83F393009C7322 /* Debug */ = {
			isa = XCBuildConfiguration;
			buildSettings = {
				ASSETCATALOG_COMPILER_APPICON_NAME = AppIcon;
				INFOPLIST_FILE = HcfxdMapLocations/Info.plist;
				LD_RUNPATH_SEARCH_PATHS = "$(inherited) @executable_path/Frameworks";
				PRODUCT_NAME = "$(TARGET_NAME)";
			};
			name = Debug;
		};
		13D5BC911A83F393009C7322 /* Release */ = {
			isa = XCBuildConfiguration;
			buildSettings = {
				ASSETCATALOG_COMPILER_APPICON_NAME = AppIcon;
				INFOPLIST_FILE = HcfxdMapLocations/Info.plist;
				LD_RUNPATH_SEARCH_PATHS = "$(inherited) @executable_path/Frameworks";
				PRODUCT_NAME = "$(TARGET_NAME)";
			};
			name = Release;
		};
		13D5BC931A83F393009C7322 /* Debug */ = {
			isa = XCBuildConfiguration;
			buildSettings = {
				BUNDLE_LOADER = "$(TEST_HOST)";
				FRAMEWORK_SEARCH_PATHS = (
					"$(SDKROOT)/Developer/Library/Frameworks",
					"$(inherited)",
				);
				GCC_PREPROCESSOR_DEFINITIONS = (
					"DEBUG=1",
					"$(inherited)",
				);
				INFOPLIST_FILE = HcfxdMapLocationsTests/Info.plist;
				LD_RUNPATH_SEARCH_PATHS = "$(inherited) @executable_path/Frameworks @loader_path/Frameworks";
				PRODUCT_NAME = "$(TARGET_NAME)";
				TEST_HOST = "$(BUILT_PRODUCTS_DIR)/HcfxdMapLocations.app/HcfxdMapLocations";
			};
			name = Debug;
		};
		13D5BC941A83F393009C7322 /* Release */ = {
			isa = XCBuildConfiguration;
			buildSettings = {
				BUNDLE_LOADER = "$(TEST_HOST)";
				FRAMEWORK_SEARCH_PATHS = (
					"$(SDKROOT)/Developer/Library/Frameworks",
					"$(inherited)",
				);
				INFOPLIST_FILE = HcfxdMapLocationsTests/Info.plist;
				LD_RUNPATH_SEARCH_PATHS = "$(inherited) @executable_path/Frameworks @loader_path/Frameworks";
				PRODUCT_NAME = "$(TARGET_NAME)";
				TEST_HOST = "$(BUILT_PRODUCTS_DIR)/HcfxdMapLocations.app/HcfxdMapLocations";
			};
			name = Release;
		};
/* End XCBuildConfiguration section */

/* Begin XCConfigurationList section */
		13D5BC6B1A83F393009C7322 /* Build configuration list for PBXProject "HcfxdMapLocations" */ = {
			isa = XCConfigurationList;
			buildConfigurations = (
				13D5BC8D1A83F393009C7322 /* Debug */,
				13D5BC8E1A83F393009C7322 /* Release */,
			);
			defaultConfigurationIsVisible = 0;
			defaultConfigurationName = Release;
		};
		13D5BC8F1A83F393009C7322 /* Build configuration list for PBXNativeTarget "HcfxdMapLocations" */ = {
			isa = XCConfigurationList;
			buildConfigurations = (
				13D5BC901A83F393009C7322 /* Debug */,
				13D5BC911A83F393009C7322 /* Release */,
			);
			defaultConfigurationIsVisible = 0;
		};
		13D5BC921A83F393009C7322 /* Build configuration list for PBXNativeTarget "HcfxdMapLocationsTests" */ = {
			isa = XCConfigurationList;
			buildConfigurations = (
				13D5BC931A83F393009C7322 /* Debug */,
				13D5BC941A83F393009C7322 /* Release */,
			);
			defaultConfigurationIsVisible = 0;
		};
/* End XCConfigurationList section */
	};
	rootObject = 13D5BC681A83F393009C7322 /* Project object */;
}
