// !$*UTF8*$!
{
	archiveVersion = 1;
	classes = {
	};
	objectVersion = 46;
	objects = {

/* Begin PBXBuildFile section */
		138D9F301A96613800DD0615 /* AppDelegate.swift in Sources */ = {isa = PBXBuildFile; fileRef = 138D9F2F1A96613800DD0615 /* AppDelegate.swift */; };
		138D9F351A96613800DD0615 /* Main.storyboard in Resources */ = {isa = PBXBuildFile; fileRef = 138D9F331A96613800DD0615 /* Main.storyboard */; };
		138D9F371A96613800DD0615 /* Images.xcassets in Resources */ = {isa = PBXBuildFile; fileRef = 138D9F361A96613800DD0615 /* Images.xcassets */; };
		138D9F3A1A96613800DD0615 /* LaunchScreen.xib in Resources */ = {isa = PBXBuildFile; fileRef = 138D9F381A96613800DD0615 /* LaunchScreen.xib */; };
		138D9F461A96613800DD0615 /* HcfxdTechCompaniesLocatorTests.swift in Sources */ = {isa = PBXBuildFile; fileRef = 138D9F451A96613800DD0615 /* HcfxdTechCompaniesLocatorTests.swift */; };
		138D9F501A9667B400DD0615 /* MapKit.framework in Frameworks */ = {isa = PBXBuildFile; fileRef = 138D9F4F1A9667B400DD0615 /* MapKit.framework */; };
		138D9F541A96681800DD0615 /* TechCompsListViewController.swift in Sources */ = {isa = PBXBuildFile; fileRef = 138D9F531A96681800DD0615 /* TechCompsListViewController.swift */; };
		138D9F881A96D75000DD0615 /* LocationData.swift in Sources */ = {isa = PBXBuildFile; fileRef = 138D9F871A96D75000DD0615 /* LocationData.swift */; };
		13C88FF31A9D2C87008AF11F /* TechComps.json in Resources */ = {isa = PBXBuildFile; fileRef = 13C88FF21A9D2C87008AF11F /* TechComps.json */; };
		13ED95EF1A9E906A002F33D2 /* ShowTechCompsViewController.swift in Sources */ = {isa = PBXBuildFile; fileRef = 13ED95EE1A9E906A002F33D2 /* ShowTechCompsViewController.swift */; };
/* End PBXBuildFile section */

/* Begin PBXContainerItemProxy section */
		138D9F401A96613800DD0615 /* PBXContainerItemProxy */ = {
			isa = PBXContainerItemProxy;
			containerPortal = 138D9F221A96613800DD0615 /* Project object */;
			proxyType = 1;
			remoteGlobalIDString = 138D9F291A96613800DD0615;
			remoteInfo = HcfxdTechCompaniesLocator;
		};
/* End PBXContainerItemProxy section */

/* Begin PBXFileReference section */
		138D9F2A1A96613800DD0615 /* HcfxdTechCompaniesLocator.app */ = {isa = PBXFileReference; explicitFileType = wrapper.application; includeInIndex = 0; path = HcfxdTechCompaniesLocator.app; sourceTree = BUILT_PRODUCTS_DIR; };
		138D9F2E1A96613800DD0615 /* Info.plist */ = {isa = PBXFileReference; lastKnownFileType = text.plist.xml; path = Info.plist; sourceTree = "<group>"; };
		138D9F2F1A96613800DD0615 /* AppDelegate.swift */ = {isa = PBXFileReference; lastKnownFileType = sourcecode.swift; path = AppDelegate.swift; sourceTree = "<group>"; };
		138D9F341A96613800DD0615 /* Base */ = {isa = PBXFileReference; lastKnownFileType = file.storyboard; name = Base; path = Base.lproj/Main.storyboard; sourceTree = "<group>"; };
		138D9F361A96613800DD0615 /* Images.xcassets */ = {isa = PBXFileReference; lastKnownFileType = folder.assetcatalog; path = Images.xcassets; sourceTree = "<group>"; };
		138D9F391A96613800DD0615 /* Base */ = {isa = PBXFileReference; lastKnownFileType = file.xib; name = Base; path = Base.lproj/LaunchScreen.xib; sourceTree = "<group>"; };
		138D9F3F1A96613800DD0615 /* HcfxdTechCompaniesLocatorTests.xctest */ = {isa = PBXFileReference; explicitFileType = wrapper.cfbundle; includeInIndex = 0; path = HcfxdTechCompaniesLocatorTests.xctest; sourceTree = BUILT_PRODUCTS_DIR; };
		138D9F441A96613800DD0615 /* Info.plist */ = {isa = PBXFileReference; lastKnownFileType = text.plist.xml; path = Info.plist; sourceTree = "<group>"; };
		138D9F451A96613800DD0615 /* HcfxdTechCompaniesLocatorTests.swift */ = {isa = PBXFileReference; lastKnownFileType = sourcecode.swift; path = HcfxdTechCompaniesLocatorTests.swift; sourceTree = "<group>"; };
		138D9F4F1A9667B400DD0615 /* MapKit.framework */ = {isa = PBXFileReference; lastKnownFileType = wrapper.framework; name = MapKit.framework; path = System/Library/Frameworks/MapKit.framework; sourceTree = SDKROOT; };
		138D9F531A96681800DD0615 /* TechCompsListViewController.swift */ = {isa = PBXFileReference; fileEncoding = 4; lastKnownFileType = sourcecode.swift; path = TechCompsListViewController.swift; sourceTree = "<group>"; };
		138D9F871A96D75000DD0615 /* LocationData.swift */ = {isa = PBXFileReference; fileEncoding = 4; lastKnownFileType = sourcecode.swift; path = LocationData.swift; sourceTree = "<group>"; };
		13C88FF21A9D2C87008AF11F /* TechComps.json */ = {isa = PBXFileReference; fileEncoding = 4; lastKnownFileType = text.json; path = TechComps.json; sourceTree = "<group>"; };
		13ED95EE1A9E906A002F33D2 /* ShowTechCompsViewController.swift */ = {isa = PBXFileReference; fileEncoding = 4; lastKnownFileType = sourcecode.swift; path = ShowTechCompsViewController.swift; sourceTree = "<group>"; };
/* End PBXFileReference section */

/* Begin PBXFrameworksBuildPhase section */
		138D9F271A96613800DD0615 /* Frameworks */ = {
			isa = PBXFrameworksBuildPhase;
			buildActionMask = 2147483647;
			files = (
				138D9F501A9667B400DD0615 /* MapKit.framework in Frameworks */,
			);
			runOnlyForDeploymentPostprocessing = 0;
		};
		138D9F3C1A96613800DD0615 /* Frameworks */ = {
			isa = PBXFrameworksBuildPhase;
			buildActionMask = 2147483647;
			files = (
			);
			runOnlyForDeploymentPostprocessing = 0;
		};
/* End PBXFrameworksBuildPhase section */

/* Begin PBXGroup section */
		138D9F211A96613800DD0615 = {
			isa = PBXGroup;
			children = (
				138D9F4F1A9667B400DD0615 /* MapKit.framework */,
				138D9F2C1A96613800DD0615 /* HcfxdTechCompaniesLocator */,
				138D9F421A96613800DD0615 /* HcfxdTechCompaniesLocatorTests */,
				138D9F2B1A96613800DD0615 /* Products */,
			);
			sourceTree = "<group>";
		};
		138D9F2B1A96613800DD0615 /* Products */ = {
			isa = PBXGroup;
			children = (
				138D9F2A1A96613800DD0615 /* HcfxdTechCompaniesLocator.app */,
				138D9F3F1A96613800DD0615 /* HcfxdTechCompaniesLocatorTests.xctest */,
			);
			name = Products;
			sourceTree = "<group>";
		};
		138D9F2C1A96613800DD0615 /* HcfxdTechCompaniesLocator */ = {
			isa = PBXGroup;
			children = (
				13C88FF21A9D2C87008AF11F /* TechComps.json */,
				138D9F871A96D75000DD0615 /* LocationData.swift */,
				138D9F2F1A96613800DD0615 /* AppDelegate.swift */,
				138D9F331A96613800DD0615 /* Main.storyboard */,
				138D9F531A96681800DD0615 /* TechCompsListViewController.swift */,
				13ED95EE1A9E906A002F33D2 /* ShowTechCompsViewController.swift */,
				138D9F361A96613800DD0615 /* Images.xcassets */,
				138D9F381A96613800DD0615 /* LaunchScreen.xib */,
				138D9F2D1A96613800DD0615 /* Supporting Files */,
			);
			path = HcfxdTechCompaniesLocator;
			sourceTree = "<group>";
		};
		138D9F2D1A96613800DD0615 /* Supporting Files */ = {
			isa = PBXGroup;
			children = (
				138D9F2E1A96613800DD0615 /* Info.plist */,
			);
			name = "Supporting Files";
			sourceTree = "<group>";
		};
		138D9F421A96613800DD0615 /* HcfxdTechCompaniesLocatorTests */ = {
			isa = PBXGroup;
			children = (
				138D9F451A96613800DD0615 /* HcfxdTechCompaniesLocatorTests.swift */,
				138D9F431A96613800DD0615 /* Supporting Files */,
			);
			path = HcfxdTechCompaniesLocatorTests;
			sourceTree = "<group>";
		};
		138D9F431A96613800DD0615 /* Supporting Files */ = {
			isa = PBXGroup;
			children = (
				138D9F441A96613800DD0615 /* Info.plist */,
			);
			name = "Supporting Files";
			sourceTree = "<group>";
		};
/* End PBXGroup section */

/* Begin PBXNativeTarget section */
		138D9F291A96613800DD0615 /* HcfxdTechCompaniesLocator */ = {
			isa = PBXNativeTarget;
			buildConfigurationList = 138D9F491A96613800DD0615 /* Build configuration list for PBXNativeTarget "HcfxdTechCompaniesLocator" */;
			buildPhases = (
				138D9F261A96613800DD0615 /* Sources */,
				138D9F271A96613800DD0615 /* Frameworks */,
				138D9F281A96613800DD0615 /* Resources */,
			);
			buildRules = (
			);
			dependencies = (
			);
			name = HcfxdTechCompaniesLocator;
			productName = HcfxdTechCompaniesLocator;
			productReference = 138D9F2A1A96613800DD0615 /* HcfxdTechCompaniesLocator.app */;
			productType = "com.apple.product-type.application";
		};
		138D9F3E1A96613800DD0615 /* HcfxdTechCompaniesLocatorTests */ = {
			isa = PBXNativeTarget;
			buildConfigurationList = 138D9F4C1A96613800DD0615 /* Build configuration list for PBXNativeTarget "HcfxdTechCompaniesLocatorTests" */;
			buildPhases = (
				138D9F3B1A96613800DD0615 /* Sources */,
				138D9F3C1A96613800DD0615 /* Frameworks */,
				138D9F3D1A96613800DD0615 /* Resources */,
			);
			buildRules = (
			);
			dependencies = (
				138D9F411A96613800DD0615 /* PBXTargetDependency */,
			);
			name = HcfxdTechCompaniesLocatorTests;
			productName = HcfxdTechCompaniesLocatorTests;
			productReference = 138D9F3F1A96613800DD0615 /* HcfxdTechCompaniesLocatorTests.xctest */;
			productType = "com.apple.product-type.bundle.unit-test";
		};
/* End PBXNativeTarget section */

/* Begin PBXProject section */
		138D9F221A96613800DD0615 /* Project object */ = {
			isa = PBXProject;
			attributes = {
				LastUpgradeCheck = 0610;
				ORGANIZATIONNAME = "Hang Cui";
				TargetAttributes = {
					138D9F291A96613800DD0615 = {
						CreatedOnToolsVersion = 6.1.1;
						DevelopmentTeam = 4FNJNUQ3AD;
					};
					138D9F3E1A96613800DD0615 = {
						CreatedOnToolsVersion = 6.1.1;
						TestTargetID = 138D9F291A96613800DD0615;
					};
				};
			};
			buildConfigurationList = 138D9F251A96613800DD0615 /* Build configuration list for PBXProject "HcfxdTechCompaniesLocator" */;
			compatibilityVersion = "Xcode 3.2";
			developmentRegion = English;
			hasScannedForEncodings = 0;
			knownRegions = (
				en,
				Base,
			);
			mainGroup = 138D9F211A96613800DD0615;
			productRefGroup = 138D9F2B1A96613800DD0615 /* Products */;
			projectDirPath = "";
			projectRoot = "";
			targets = (
				138D9F291A96613800DD0615 /* HcfxdTechCompaniesLocator */,
				138D9F3E1A96613800DD0615 /* HcfxdTechCompaniesLocatorTests */,
			);
		};
/* End PBXProject section */

/* Begin PBXResourcesBuildPhase section */
		138D9F281A96613800DD0615 /* Resources */ = {
			isa = PBXResourcesBuildPhase;
			buildActionMask = 2147483647;
			files = (
				13C88FF31A9D2C87008AF11F /* TechComps.json in Resources */,
				138D9F351A96613800DD0615 /* Main.storyboard in Resources */,
				138D9F3A1A96613800DD0615 /* LaunchScreen.xib in Resources */,
				138D9F371A96613800DD0615 /* Images.xcassets in Resources */,
			);
			runOnlyForDeploymentPostprocessing = 0;
		};
		138D9F3D1A96613800DD0615 /* Resources */ = {
			isa = PBXResourcesBuildPhase;
			buildActionMask = 2147483647;
			files = (
			);
			runOnlyForDeploymentPostprocessing = 0;
		};
/* End PBXResourcesBuildPhase section */

/* Begin PBXSourcesBuildPhase section */
		138D9F261A96613800DD0615 /* Sources */ = {
			isa = PBXSourcesBuildPhase;
			buildActionMask = 2147483647;
			files = (
				138D9F881A96D75000DD0615 /* LocationData.swift in Sources */,
				138D9F301A96613800DD0615 /* AppDelegate.swift in Sources */,
				13ED95EF1A9E906A002F33D2 /* ShowTechCompsViewController.swift in Sources */,
				138D9F541A96681800DD0615 /* TechCompsListViewController.swift in Sources */,
			);
			runOnlyForDeploymentPostprocessing = 0;
		};
		138D9F3B1A96613800DD0615 /* Sources */ = {
			isa = PBXSourcesBuildPhase;
			buildActionMask = 2147483647;
			files = (
				138D9F461A96613800DD0615 /* HcfxdTechCompaniesLocatorTests.swift in Sources */,
			);
			runOnlyForDeploymentPostprocessing = 0;
		};
/* End PBXSourcesBuildPhase section */

/* Begin PBXTargetDependency section */
		138D9F411A96613800DD0615 /* PBXTargetDependency */ = {
			isa = PBXTargetDependency;
			target = 138D9F291A96613800DD0615 /* HcfxdTechCompaniesLocator */;
			targetProxy = 138D9F401A96613800DD0615 /* PBXContainerItemProxy */;
		};
/* End PBXTargetDependency section */

/* Begin PBXVariantGroup section */
		138D9F331A96613800DD0615 /* Main.storyboard */ = {
			isa = PBXVariantGroup;
			children = (
				138D9F341A96613800DD0615 /* Base */,
			);
			name = Main.storyboard;
			sourceTree = "<group>";
		};
		138D9F381A96613800DD0615 /* LaunchScreen.xib */ = {
			isa = PBXVariantGroup;
			children = (
				138D9F391A96613800DD0615 /* Base */,
			);
			name = LaunchScreen.xib;
			sourceTree = "<group>";
		};
/* End PBXVariantGroup section */

/* Begin XCBuildConfiguration section */
		138D9F471A96613800DD0615 /* Debug */ = {
			isa = XCBuildConfiguration;
			buildSettings = {
				ALWAYS_SEARCH_USER_PATHS = NO;
				CLANG_CXX_LANGUAGE_STANDARD = "gnu++0x";
				CLANG_CXX_LIBRARY = "libc++";
				CLANG_ENABLE_MODULES = YES;
				CLANG_ENABLE_OBJC_ARC = YES;
				CLANG_WARN_BOOL_CONVERSION = YES;
				CLANG_WARN_CONSTANT_CONVERSION = YES;
				CLANG_WARN_DIRECT_OBJC_ISA_USAGE = YES_ERROR;
				CLANG_WARN_EMPTY_BODY = YES;
				CLANG_WARN_ENUM_CONVERSION = YES;
				CLANG_WARN_INT_CONVERSION = YES;
				CLANG_WARN_OBJC_ROOT_CLASS = YES_ERROR;
				CLANG_WARN_UNREACHABLE_CODE = YES;
				CLANG_WARN__DUPLICATE_METHOD_MATCH = YES;
				"CODE_SIGN_IDENTITY[sdk=iphoneos*]" = "iPhone Developer";
				COPY_PHASE_STRIP = NO;
				ENABLE_STRICT_OBJC_MSGSEND = YES;
				GCC_C_LANGUAGE_STANDARD = gnu99;
				GCC_DYNAMIC_NO_PIC = NO;
				GCC_OPTIMIZATION_LEVEL = 0;
				GCC_PREPROCESSOR_DEFINITIONS = (
					"DEBUG=1",
					"$(inherited)",
				);
				GCC_SYMBOLS_PRIVATE_EXTERN = NO;
				GCC_WARN_64_TO_32_BIT_CONVERSION = YES;
				GCC_WARN_ABOUT_RETURN_TYPE = YES_ERROR;
				GCC_WARN_UNDECLARED_SELECTOR = YES;
				GCC_WARN_UNINITIALIZED_AUTOS = YES_AGGRESSIVE;
				GCC_WARN_UNUSED_FUNCTION = YES;
				GCC_WARN_UNUSED_VARIABLE = YES;
				IPHONEOS_DEPLOYMENT_TARGET = 8.1;
				MTL_ENABLE_DEBUG_INFO = YES;
				ONLY_ACTIVE_ARCH = YES;
				SDKROOT = iphoneos;
				SWIFT_OPTIMIZATION_LEVEL = "-Onone";
				TARGETED_DEVICE_FAMILY = "1,2";
			};
			name = Debug;
		};
		138D9F481A96613800DD0615 /* Release */ = {
			isa = XCBuildConfiguration;
			buildSettings = {
				ALWAYS_SEARCH_USER_PATHS = NO;
				CLANG_CXX_LANGUAGE_STANDARD = "gnu++0x";
				CLANG_CXX_LIBRARY = "libc++";
				CLANG_ENABLE_MODULES = YES;
				CLANG_ENABLE_OBJC_ARC = YES;
				CLANG_WARN_BOOL_CONVERSION = YES;
				CLANG_WARN_CONSTANT_CONVERSION = YES;
				CLANG_WARN_DIRECT_OBJC_ISA_USAGE = YES_ERROR;
				CLANG_WARN_EMPTY_BODY = YES;
				CLANG_WARN_ENUM_CONVERSION = YES;
				CLANG_WARN_INT_CONVERSION = YES;
				CLANG_WARN_OBJC_ROOT_CLASS = YES_ERROR;
				CLANG_WARN_UNREACHABLE_CODE = YES;
				CLANG_WARN__DUPLICATE_METHOD_MATCH = YES;
				"CODE_SIGN_IDENTITY[sdk=iphoneos*]" = "iPhone Developer";
				COPY_PHASE_STRIP = YES;
				ENABLE_NS_ASSERTIONS = NO;
				ENABLE_STRICT_OBJC_MSGSEND = YES;
				GCC_C_LANGUAGE_STANDARD = gnu99;
				GCC_WARN_64_TO_32_BIT_CONVERSION = YES;
				GCC_WARN_ABOUT_RETURN_TYPE = YES_ERROR;
				GCC_WARN_UNDECLARED_SELECTOR = YES;
				GCC_WARN_UNINITIALIZED_AUTOS = YES_AGGRESSIVE;
				GCC_WARN_UNUSED_FUNCTION = YES;
				GCC_WARN_UNUSED_VARIABLE = YES;
				IPHONEOS_DEPLOYMENT_TARGET = 8.1;
				MTL_ENABLE_DEBUG_INFO = NO;
				SDKROOT = iphoneos;
				TARGETED_DEVICE_FAMILY = "1,2";
				VALIDATE_PRODUCT = YES;
			};
			name = Release;
		};
		138D9F4A1A96613800DD0615 /* Debug */ = {
			isa = XCBuildConfiguration;
			buildSettings = {
				ASSETCATALOG_COMPILER_APPICON_NAME = AppIcon;
				CODE_SIGN_IDENTITY = "iPhone Developer";
				"CODE_SIGN_IDENTITY[sdk=iphoneos*]" = "iPhone Developer";
				INFOPLIST_FILE = HcfxdTechCompaniesLocator/Info.plist;
				LD_RUNPATH_SEARCH_PATHS = "$(inherited) @executable_path/Frameworks";
				PRODUCT_NAME = "$(TARGET_NAME)";
				PROVISIONING_PROFILE = "";
			};
			name = Debug;
		};
		138D9F4B1A96613800DD0615 /* Release */ = {
			isa = XCBuildConfiguration;
			buildSettings = {
				ASSETCATALOG_COMPILER_APPICON_NAME = AppIcon;
				CODE_SIGN_IDENTITY = "iPhone Developer";
				"CODE_SIGN_IDENTITY[sdk=iphoneos*]" = "iPhone Developer";
				INFOPLIST_FILE = HcfxdTechCompaniesLocator/Info.plist;
				LD_RUNPATH_SEARCH_PATHS = "$(inherited) @executable_path/Frameworks";
				PRODUCT_NAME = "$(TARGET_NAME)";
				PROVISIONING_PROFILE = "";
			};
			name = Release;
		};
		138D9F4D1A96613800DD0615 /* Debug */ = {
			isa = XCBuildConfiguration;
			buildSettings = {
				BUNDLE_LOADER = "$(TEST_HOST)";
				FRAMEWORK_SEARCH_PATHS = (
					"$(SDKROOT)/Developer/Library/Frameworks",
					"$(inherited)",
				);
				GCC_PREPROCESSOR_DEFINITIONS = (
					"DEBUG=1",
					"$(inherited)",
				);
				INFOPLIST_FILE = HcfxdTechCompaniesLocatorTests/Info.plist;
				LD_RUNPATH_SEARCH_PATHS = "$(inherited) @executable_path/Frameworks @loader_path/Frameworks";
				PRODUCT_NAME = "$(TARGET_NAME)";
				TEST_HOST = "$(BUILT_PRODUCTS_DIR)/HcfxdTechCompaniesLocator.app/HcfxdTechCompaniesLocator";
			};
			name = Debug;
		};
		138D9F4E1A96613800DD0615 /* Release */ = {
			isa = XCBuildConfiguration;
			buildSettings = {
				BUNDLE_LOADER = "$(TEST_HOST)";
				FRAMEWORK_SEARCH_PATHS = (
					"$(SDKROOT)/Developer/Library/Frameworks",
					"$(inherited)",
				);
				INFOPLIST_FILE = HcfxdTechCompaniesLocatorTests/Info.plist;
				LD_RUNPATH_SEARCH_PATHS = "$(inherited) @executable_path/Frameworks @loader_path/Frameworks";
				PRODUCT_NAME = "$(TARGET_NAME)";
				TEST_HOST = "$(BUILT_PRODUCTS_DIR)/HcfxdTechCompaniesLocator.app/HcfxdTechCompaniesLocator";
			};
			name = Release;
		};
/* End XCBuildConfiguration section */

/* Begin XCConfigurationList section */
		138D9F251A96613800DD0615 /* Build configuration list for PBXProject "HcfxdTechCompaniesLocator" */ = {
			isa = XCConfigurationList;
			buildConfigurations = (
				138D9F471A96613800DD0615 /* Debug */,
				138D9F481A96613800DD0615 /* Release */,
			);
			defaultConfigurationIsVisible = 0;
			defaultConfigurationName = Release;
		};
		138D9F491A96613800DD0615 /* Build configuration list for PBXNativeTarget "HcfxdTechCompaniesLocator" */ = {
			isa = XCConfigurationList;
			buildConfigurations = (
				138D9F4A1A96613800DD0615 /* Debug */,
				138D9F4B1A96613800DD0615 /* Release */,
			);
			defaultConfigurationIsVisible = 0;
			defaultConfigurationName = Release;
		};
		138D9F4C1A96613800DD0615 /* Build configuration list for PBXNativeTarget "HcfxdTechCompaniesLocatorTests" */ = {
			isa = XCConfigurationList;
			buildConfigurations = (
				138D9F4D1A96613800DD0615 /* Debug */,
				138D9F4E1A96613800DD0615 /* Release */,
			);
			defaultConfigurationIsVisible = 0;
			defaultConfigurationName = Release;
		};
/* End XCConfigurationList section */
	};
	rootObject = 138D9F221A96613800DD0615 /* Project object */;
}
